
Microsoft Visual Studio Solution File, Format Version 12.00
# Visual Studio Version 16
VisualStudioVersion = 16.0.32413.511
MinimumVisualStudioVersion = 10.0.40219.1
Project("{FAE04EC0-301F-11D3-BF4B-00C04F79EFBC}") = "EscrituraArchivos", "EscrituraArchivos.csproj", "{D658C782-B4DE-41D6-B659-58E4CAFCD93A}"
EndProject
Global
	GlobalSection(SolutionConfigurationPlatforms) = preSolution
		Debug|Any CPU = Debug|Any CPU
		Release|Any CPU = Release|Any CPU
	EndGlobalSection
	GlobalSection(ProjectConfigurationPlatforms) = postSolution
		{D658C782-B4DE-41D6-B659-58E4CAFCD93A}.Debug|Any CPU.ActiveCfg = Debug|Any CPU
		{D658C782-B4DE-41D6-B659-58E4CAFCD93A}.Debug|Any CPU.Build.0 = Debug|Any CPU
		{D658C782-B4DE-41D6-B659-58E4CAFCD93A}.Release|Any CPU.ActiveCfg = Release|Any CPU
		{D658C782-B4DE-41D6-B659-58E4CAFCD93A}.Release|Any CPU.Build.0 = Release|Any CPU
	EndGlobalSection
	GlobalSection(SolutionProperties) = preSolution
		HideSolutionNode = FALSE
	EndGlobalSection
	GlobalSection(ExtensibilityGlobals) = postSolution
		SolutionGuid = {F478D151-40F9-4820-9714-E5E5E2D474A4}
	EndGlobalSection
EndGlobal
